
Microsoft Visual Studio Solution File, Format Version 12.00
# Visual Studio Version 16
VisualStudioVersion = 16.0.32002.261
MinimumVisualStudioVersion = 10.0.40219.1
Project("{FAE04EC0-301F-11D3-BF4B-00C04F79EFBC}") = "GUI", "GUI.csproj", "{AB3D64EE-995A-4D23-9255-161CA11195A2}"
EndProject
Project("{FAE04EC0-301F-11D3-BF4B-00C04F79EFBC}") = "BL", "BL\BL.csproj", "{C7F7466B-3A68-4542-86FF-330F8833AE49}"
EndProject
Project("{2150E333-8FDC-42A3-9474-1A3956D46DE8}") = "BL", "BL", "{9F594EE3-A74C-419D-802C-B3E908E52902}"
EndProject
Project("{2150E333-8FDC-42A3-9474-1A3956D46DE8}") = "GUI", "GUI", "{D896CABA-A473-477E-82ED-2CFCDD7B6B31}"
EndProject
Project("{FAE04EC0-301F-11D3-BF4B-00C04F79EFBC}") = "BO", "BO\BO.csproj", "{55F4BB3F-12F9-4FEB-A767-60016CC0E5EA}"
EndProject
Project("{2150E333-8FDC-42A3-9474-1A3956D46DE8}") = "BO", "BO", "{A631606A-392C-4743-9C50-318E87A231EA}"
EndProject
Project("{FAE04EC0-301F-11D3-BF4B-00C04F79EFBC}") = "DAL", "DAL\DAL.csproj", "{97E33B05-AF2E-4AFD-ADA7-D5EF2348B3EF}"
EndProject
Project("{2150E333-8FDC-42A3-9474-1A3956D46DE8}") = "DA", "DA", "{B10FD498-E901-4928-916A-3F31BA304027}"
EndProject
Global
	GlobalSection(SolutionConfigurationPlatforms) = preSolution
		Debug|Any CPU = Debug|Any CPU
		Release|Any CPU = Release|Any CPU
	EndGlobalSection
	GlobalSection(ProjectConfigurationPlatforms) = postSolution
		{AB3D64EE-995A-4D23-9255-161CA11195A2}.Debug|Any CPU.ActiveCfg = Debug|Any CPU
		{AB3D64EE-995A-4D23-9255-161CA11195A2}.Debug|Any CPU.Build.0 = Debug|Any CPU
		{AB3D64EE-995A-4D23-9255-161CA11195A2}.Release|Any CPU.ActiveCfg = Release|Any CPU
		{AB3D64EE-995A-4D23-9255-161CA11195A2}.Release|Any CPU.Build.0 = Release|Any CPU
		{C7F7466B-3A68-4542-86FF-330F8833AE49}.Debug|Any CPU.ActiveCfg = Debug|Any CPU
		{C7F7466B-3A68-4542-86FF-330F8833AE49}.Debug|Any CPU.Build.0 = Debug|Any CPU
		{C7F7466B-3A68-4542-86FF-330F8833AE49}.Release|Any CPU.ActiveCfg = Release|Any CPU
		{C7F7466B-3A68-4542-86FF-330F8833AE49}.Release|Any CPU.Build.0 = Release|Any CPU
		{55F4BB3F-12F9-4FEB-A767-60016CC0E5EA}.Debug|Any CPU.ActiveCfg = Debug|Any CPU
		{55F4BB3F-12F9-4FEB-A767-60016CC0E5EA}.Debug|Any CPU.Build.0 = Debug|Any CPU
		{55F4BB3F-12F9-4FEB-A767-60016CC0E5EA}.Release|Any CPU.ActiveCfg = Release|Any CPU
		{55F4BB3F-12F9-4FEB-A767-60016CC0E5EA}.Release|Any CPU.Build.0 = Release|Any CPU
		{97E33B05-AF2E-4AFD-ADA7-D5EF2348B3EF}.Debug|Any CPU.ActiveCfg = Debug|Any CPU
		{97E33B05-AF2E-4AFD-ADA7-D5EF2348B3EF}.Debug|Any CPU.Build.0 = Debug|Any CPU
		{97E33B05-AF2E-4AFD-ADA7-D5EF2348B3EF}.Release|Any CPU.ActiveCfg = Release|Any CPU
		{97E33B05-AF2E-4AFD-ADA7-D5EF2348B3EF}.Release|Any CPU.Build.0 = Release|Any CPU
	EndGlobalSection
	GlobalSection(SolutionProperties) = preSolution
		HideSolutionNode = FALSE
	EndGlobalSection
	GlobalSection(NestedProjects) = preSolution
		{AB3D64EE-995A-4D23-9255-161CA11195A2} = {D896CABA-A473-477E-82ED-2CFCDD7B6B31}
		{C7F7466B-3A68-4542-86FF-330F8833AE49} = {9F594EE3-A74C-419D-802C-B3E908E52902}
		{55F4BB3F-12F9-4FEB-A767-60016CC0E5EA} = {A631606A-392C-4743-9C50-318E87A231EA}
		{97E33B05-AF2E-4AFD-ADA7-D5EF2348B3EF} = {B10FD498-E901-4928-916A-3F31BA304027}
	EndGlobalSection
	GlobalSection(ExtensibilityGlobals) = postSolution
		SolutionGuid = {90695887-61CA-4493-AE30-CA3EA2BAE386}
	EndGlobalSection
EndGlobal
